
Microsoft Visual Studio Solution File, Format Version 12.00
# Visual Studio Version 17
VisualStudioVersion = 17.1.32421.90
MinimumVisualStudioVersion = 10.0.40219.1
Project("{FAE04EC0-301F-11D3-BF4B-00C04F79EFBC}") = "PlottnerBowlingChallenge", "PlottnerBowlingChallenge\PlottnerBowlingChallenge.csproj", "{04B6E53B-CCF9-4D5B-90EF-41D905F80F22}"
EndProject
Project("{FAE04EC0-301F-11D3-BF4B-00C04F79EFBC}") = "PlottnerBowlingChallenge.UnitTest", "PlottnerBowlingChallenge.UnitTest\PlottnerBowlingChallenge.UnitTest.csproj", "{9A4CAA0C-F5E9-4880-A1FF-C4FFF23DDD92}"
EndProject
Global
	GlobalSection(SolutionConfigurationPlatforms) = preSolution
		Debug|Any CPU = Debug|Any CPU
		Release|Any CPU = Release|Any CPU
	EndGlobalSection
	GlobalSection(ProjectConfigurationPlatforms) = postSolution
		{04B6E53B-CCF9-4D5B-90EF-41D905F80F22}.Debug|Any CPU.ActiveCfg = Debug|Any CPU
		{04B6E53B-CCF9-4D5B-90EF-41D905F80F22}.Debug|Any CPU.Build.0 = Debug|Any CPU
		{04B6E53B-CCF9-4D5B-90EF-41D905F80F22}.Release|Any CPU.ActiveCfg = Release|Any CPU
		{04B6E53B-CCF9-4D5B-90EF-41D905F80F22}.Release|Any CPU.Build.0 = Release|Any CPU
		{9A4CAA0C-F5E9-4880-A1FF-C4FFF23DDD92}.Debug|Any CPU.ActiveCfg = Debug|Any CPU
		{9A4CAA0C-F5E9-4880-A1FF-C4FFF23DDD92}.Debug|Any CPU.Build.0 = Debug|Any CPU
		{9A4CAA0C-F5E9-4880-A1FF-C4FFF23DDD92}.Release|Any CPU.ActiveCfg = Release|Any CPU
		{9A4CAA0C-F5E9-4880-A1FF-C4FFF23DDD92}.Release|Any CPU.Build.0 = Release|Any CPU
	EndGlobalSection
	GlobalSection(SolutionProperties) = preSolution
		HideSolutionNode = FALSE
	EndGlobalSection
	GlobalSection(ExtensibilityGlobals) = postSolution
		SolutionGuid = {2DCDE9BF-0BDE-4133-8B0C-4BC249F4A8CE}
	EndGlobalSection
EndGlobal
